<?xml version="1.0" encoding="utf-8" ?>
<Project ToolsVersion="4.0" xmlns="http://schemas.microsoft.com/developer/msbuild/2003">
    <ItemGroup>
        <Filter Include="Engine">
            <UniqueIdentifier>{9A257AC0-D2B6-4000-BE4D-487DC9718C92}</UniqueIdentifier>
        </Filter>
        <Filter Include="Engine\Component">
            <UniqueIdentifier>{EA7B99A8-F535-4491-B881-46FDBFB73B2C}</UniqueIdentifier>
        </Filter>
        <Filter Include="Engine\Component\Input">
            <UniqueIdentifier>{C6D7C897-EA41-42A8-9A48-EE5C5CE18E42}</UniqueIdentifier>
        </Filter>
        <Filter Include="Engine\Config">
            <UniqueIdentifier>{A4D00EA6-A864-43AE-A1F4-34DAF28E9B08}</UniqueIdentifier>
        </Filter>
        <Filter Include="Engine\Core">
            <UniqueIdentifier>{40D3A312-D80D-4EF2-ADFF-FDCF65A505EC}</UniqueIdentifier>
        </Filter>
        <Filter Include="Engine\Core\Misc">
            <UniqueIdentifier>{BCE63DF4-2080-423A-9354-2ECB1D6C9A15}</UniqueIdentifier>
        </Filter>
        <Filter Include="Engine\DebugInfo">
            <UniqueIdentifier>{B2F5E805-176C-4A13-BBE8-4F5BF5B18EFF}</UniqueIdentifier>
        </Filter>
        <Filter Include="Engine\GC">
            <UniqueIdentifier>{30A4D9CD-5FAA-4EA8-B39A-621D13E78098}</UniqueIdentifier>
        </Filter>
        <Filter Include="Engine\Math">
            <UniqueIdentifier>{67F1B59D-D86A-4BFA-80C0-9B1760423336}</UniqueIdentifier>
        </Filter>
        <Filter Include="Engine\Mesh">
            <UniqueIdentifier>{29AA9C8C-CB6E-4A24-9885-C92E4E715215}</UniqueIdentifier>
        </Filter>
        <Filter Include="Engine\Mesh\Core">
            <UniqueIdentifier>{0472F103-F7EE-46F7-87DD-A2D8EFF8D97A}</UniqueIdentifier>
        </Filter>
        <Filter Include="Engine\Platform">
            <UniqueIdentifier>{417683B3-E342-4930-8BA1-4132479CAFF9}</UniqueIdentifier>
        </Filter>
        <Filter Include="Engine\Platform\PS">
            <UniqueIdentifier>{1EE149CA-7F01-4CFE-84BF-6F16814E928D}</UniqueIdentifier>
        </Filter>
        <Filter Include="Engine\Platform\Windows">
            <UniqueIdentifier>{7D9ACC39-3DB6-4020-AE07-92BA440D654F}</UniqueIdentifier>
        </Filter>
        <Filter Include="Engine\Shader">
            <UniqueIdentifier>{CAFD0CF2-70AD-4B7A-B8D0-0DA7A8B949B7}</UniqueIdentifier>
        </Filter>
        <Filter Include="Rendering">
            <UniqueIdentifier>{1EE47F16-4C4C-41B3-AC04-AA1128AF66BE}</UniqueIdentifier>
        </Filter>
        <Filter Include="Rendering\Core">
            <UniqueIdentifier>{3262262B-32F6-4F11-87BD-80E0A46FB2D4}</UniqueIdentifier>
        </Filter>
        <Filter Include="Rendering\DirectX">
            <UniqueIdentifier>{667B1FE4-5E73-4046-9B2C-23615363E281}</UniqueIdentifier>
        </Filter>
        <Filter Include="Rendering\OpenGL">
            <UniqueIdentifier>{DCCD24C9-1B36-40DB-93C2-2F310FF17071}</UniqueIdentifier>
        </Filter>
        <Filter Include="Shader">
            <UniqueIdentifier>{6867B95D-D88C-4827-9ABF-957F0A86D5B0}</UniqueIdentifier>
        </Filter>
        <Filter Include="simple_library">
            <UniqueIdentifier>{A275C060-6CB4-41AC-97FA-078CDAD63DDF}</UniqueIdentifier>
        </Filter>
        <Filter Include="simple_library\private">
            <UniqueIdentifier>{B16EFFFF-BEF6-4134-8CD5-C0721401F3DA}</UniqueIdentifier>
        </Filter>
        <Filter Include="simple_library\private\simple_channel">
            <UniqueIdentifier>{19BEBC4A-7F9B-4CA9-B185-12D1CB67FADA}</UniqueIdentifier>
        </Filter>
        <Filter Include="simple_library\private\simple_channel\simple_io_stream">
            <UniqueIdentifier>{FE197120-F599-4C15-8641-3ECE8BDEB656}</UniqueIdentifier>
        </Filter>
        <Filter Include="simple_library\private\simple_channel\simple_net_channel">
            <UniqueIdentifier>{344086FD-98BD-4C30-BAE7-52269939E6DC}</UniqueIdentifier>
        </Filter>
        <Filter Include="simple_library\private\simple_channel\simple_net_connetion">
            <UniqueIdentifier>{B22FE950-C97E-4096-A336-F4BFEFBDE3FA}</UniqueIdentifier>
        </Filter>
        <Filter Include="simple_library\private\simple_channel\simple_net_drive">
            <UniqueIdentifier>{3A6BAC9C-42A9-407C-86DF-0DF70D706BE3}</UniqueIdentifier>
        </Filter>
        <Filter Include="simple_library\private\simple_core_minimal">
            <UniqueIdentifier>{63895144-80CE-418E-B10F-268AFA39FD5A}</UniqueIdentifier>
        </Filter>
        <Filter Include="simple_library\private\simple_core_minimal\simple_c_core">
            <UniqueIdentifier>{93F13794-499E-4128-AAF5-A097D07A227B}</UniqueIdentifier>
        </Filter>
        <Filter Include="simple_library\private\simple_core_minimal\simple_c_core\simple_c_array">
            <UniqueIdentifier>{62971465-4C1C-4D48-8334-78C7B2DFFE71}</UniqueIdentifier>
        </Filter>
        <Filter Include="simple_library\private\simple_core_minimal\simple_c_core\simple_c_string_algorithm">
            <UniqueIdentifier>{E710CB31-DF47-4E39-86DE-C672C8A43664}</UniqueIdentifier>
        </Filter>
        <Filter Include="simple_library\private\simple_core_minimal\simple_c_guid">
            <UniqueIdentifier>{035EC48E-9A92-4F73-838E-0B40808124CA}</UniqueIdentifier>
        </Filter>
        <Filter Include="simple_library\private\simple_core_minimal\simple_c_helper_file">
            <UniqueIdentifier>{F93668DD-F00E-47B5-AA09-5A2D10BE71D2}</UniqueIdentifier>
        </Filter>
        <Filter Include="simple_library\private\simple_core_minimal\simple_c_path">
            <UniqueIdentifier>{CA2B724E-B95F-4D5B-8645-CDDB9595F743}</UniqueIdentifier>
        </Filter>
        <Filter Include="simple_library\private\simple_core_minimal\simple_c_time">
            <UniqueIdentifier>{5400C28A-C16D-4531-84D7-63A426F0500C}</UniqueIdentifier>
        </Filter>
        <Filter Include="simple_library\private\simple_core_minimal\simple_c_windows">
            <UniqueIdentifier>{17DD6C17-A336-43B4-9545-90D9C423BD83}</UniqueIdentifier>
        </Filter>
        <Filter Include="simple_library\private\simple_c_log">
            <UniqueIdentifier>{F9B00DBB-DD3A-4D3A-90B6-52A830E3E51F}</UniqueIdentifier>
        </Filter>
        <Filter Include="simple_library\private\simple_math">
            <UniqueIdentifier>{21C2A3F5-1CCE-4A64-8C1A-D8483561E3B7}</UniqueIdentifier>
        </Filter>
        <Filter Include="simple_library\private\simple_math\transformation">
            <UniqueIdentifier>{ACD9F1B1-6DAB-4D6A-A6D6-7AD906EC754C}</UniqueIdentifier>
        </Filter>
        <Filter Include="simple_library\private\simple_math\transformation\matrix">
            <UniqueIdentifier>{72B46276-D968-4594-8344-0BFB53FE1394}</UniqueIdentifier>
        </Filter>
        <Filter Include="simple_library\private\simple_math\transformation\vector">
            <UniqueIdentifier>{114FDC5B-1B93-4F96-97B3-9BB24BFE4E78}</UniqueIdentifier>
        </Filter>
        <Filter Include="simple_library\public">
            <UniqueIdentifier>{CF569C5D-9FB4-4A98-AF36-189FEEEA695A}</UniqueIdentifier>
        </Filter>
        <Filter Include="simple_library\public\simple_array">
            <UniqueIdentifier>{915D593F-F3F9-4C3F-B786-FF3C048DBF67}</UniqueIdentifier>
        </Filter>
        <Filter Include="simple_library\public\simple_channel">
            <UniqueIdentifier>{739038AB-1178-4567-8464-B31802F3FC0A}</UniqueIdentifier>
        </Filter>
        <Filter Include="simple_library\public\simple_channel\simple_core">
            <UniqueIdentifier>{044FD0FF-7B68-4D7D-BB8B-5616FFEBB64C}</UniqueIdentifier>
        </Filter>
        <Filter Include="simple_library\public\simple_core_minimal">
            <UniqueIdentifier>{361AE68D-32D2-4C5F-8808-75023B7E24DE}</UniqueIdentifier>
        </Filter>
        <Filter Include="simple_library\public\simple_core_minimal\simple_c_core">
            <UniqueIdentifier>{9A0F6A2C-9190-47DA-BCD5-F66543002F70}</UniqueIdentifier>
        </Filter>
        <Filter Include="simple_library\public\simple_core_minimal\simple_c_core\simple_c_array">
            <UniqueIdentifier>{322E8F8E-F2F3-4B23-890D-020209EEF669}</UniqueIdentifier>
        </Filter>
        <Filter Include="simple_library\public\simple_core_minimal\simple_c_core\simple_c_array\Core">
            <UniqueIdentifier>{0C84441C-8470-4358-85B0-1B849D8EFD5D}</UniqueIdentifier>
        </Filter>
        <Filter Include="simple_library\public\simple_core_minimal\simple_c_core\simple_c_string_algorithm">
            <UniqueIdentifier>{CF1A6EFC-C1F9-40DF-B492-F1169AE40781}</UniqueIdentifier>
        </Filter>
        <Filter Include="simple_library\public\simple_core_minimal\simple_c_guid">
            <UniqueIdentifier>{64E6F0D8-923D-40D8-828C-BF07CDFB7F71}</UniqueIdentifier>
        </Filter>
        <Filter Include="simple_library\public\simple_core_minimal\simple_c_helper_file">
            <UniqueIdentifier>{AE0E270A-3EE2-4D5C-8347-2F9E52305A3F}</UniqueIdentifier>
        </Filter>
        <Filter Include="simple_library\public\simple_core_minimal\simple_c_path">
            <UniqueIdentifier>{0E015CD2-9831-4E20-967D-7A80AF3471A4}</UniqueIdentifier>
        </Filter>
        <Filter Include="simple_library\public\simple_core_minimal\simple_c_time">
            <UniqueIdentifier>{8D78A8B2-3B1D-442B-8E51-71C613C451F8}</UniqueIdentifier>
        </Filter>
        <Filter Include="simple_library\public\simple_core_minimal\simple_c_windows">
            <UniqueIdentifier>{F1B47459-44D8-4915-8787-4E61482884A8}</UniqueIdentifier>
        </Filter>
        <Filter Include="simple_library\public\simple_cpp_core_minimal">
            <UniqueIdentifier>{C73C7D81-1035-4F51-B308-74BA793B6434}</UniqueIdentifier>
        </Filter>
        <Filter Include="simple_library\public\simple_cpp_core_minimal\shared">
            <UniqueIdentifier>{07C6E8EB-36AF-4275-A179-1CB0D31CC26B}</UniqueIdentifier>
        </Filter>
        <Filter Include="simple_library\public\simple_c_log">
            <UniqueIdentifier>{FC9580F5-A7C2-4EB4-BA25-39BD7ABBDF83}</UniqueIdentifier>
        </Filter>
        <Filter Include="simple_library\public\simple_delegate">
            <UniqueIdentifier>{9614954F-8618-4046-B5C2-FB385E964213}</UniqueIdentifier>
        </Filter>
        <Filter Include="simple_library\public\simple_http">
            <UniqueIdentifier>{CA71011E-4E05-4F42-9CE4-1571B53AE0A3}</UniqueIdentifier>
        </Filter>
        <Filter Include="simple_library\public\simple_math">
            <UniqueIdentifier>{9441B542-ECC6-4F35-BF48-31B4F51217C6}</UniqueIdentifier>
        </Filter>
        <Filter Include="simple_library\public\simple_math\transformation">
            <UniqueIdentifier>{BEAEA973-6734-4A2B-9200-672B9A7C448E}</UniqueIdentifier>
        </Filter>
        <Filter Include="simple_library\public\simple_math\transformation\matrix">
            <UniqueIdentifier>{72D2BFA0-35E8-40AC-979E-26C3304A27FD}</UniqueIdentifier>
        </Filter>
        <Filter Include="simple_library\public\simple_math\transformation\vector">
            <UniqueIdentifier>{A882BD2D-FA1B-44B4-911C-DE1074DADCDB}</UniqueIdentifier>
        </Filter>
        <Filter Include="simple_library\public\simple_mysql">
            <UniqueIdentifier>{C88E6A3B-3413-4A62-AC4E-F3E59970BF57}</UniqueIdentifier>
        </Filter>
    </ItemGroup>
    <ItemGroup>
        <ClCompile Include="Engine\Component\Component.cpp">
            <Filter>Engine\Component</Filter>
        </ClCompile>
        <ClCompile Include="Engine\Component\InputComponent.cpp">
            <Filter>Engine\Component</Filter>
        </ClCompile>
        <ClCompile Include="Engine\Component\TransformComponent.cpp">
            <Filter>Engine\Component</Filter>
        </ClCompile>
        <ClCompile Include="Engine\Config\EngineRenderConfig.cpp">
            <Filter>Engine\Config</Filter>
        </ClCompile>
        <ClCompile Include="Engine\Core\Actor.cpp">
            <Filter>Engine\Core</Filter>
        </ClCompile>
        <ClCompile Include="Engine\Core\Camera.cpp">
            <Filter>Engine\Core</Filter>
        </ClCompile>
        <ClCompile Include="Engine\Core\Engine.cpp">
            <Filter>Engine\Core</Filter>
        </ClCompile>
        <ClCompile Include="Engine\Core\Misc\Guid.cpp">
            <Filter>Engine\Core\Misc</Filter>
        </ClCompile>
        <ClCompile Include="Engine\Core\Object.cpp">
            <Filter>Engine\Core</Filter>
        </ClCompile>
        <ClCompile Include="Engine\Core\Viewport.cpp">
            <Filter>Engine\Core</Filter>
        </ClCompile>
        <ClCompile Include="Engine\Core\World.cpp">
            <Filter>Engine\Core</Filter>
        </ClCompile>
        <ClCompile Include="Engine\DebugInfo\EngineDebug.cpp">
            <Filter>Engine\DebugInfo</Filter>
        </ClCompile>
        <ClCompile Include="Engine\EngineFactory.cpp">
            <Filter>Engine</Filter>
        </ClCompile>
        <ClCompile Include="Engine\Luanch.cpp">
            <Filter>Engine</Filter>
        </ClCompile>
        <ClCompile Include="Engine\Math\MathHelper.cpp">
            <Filter>Engine\Math</Filter>
        </ClCompile>
        <ClCompile Include="Engine\Math\MathUtility.cpp">
            <Filter>Engine\Math</Filter>
        </ClCompile>
        <ClCompile Include="Engine\Mesh\BoxMesh.cpp">
            <Filter>Engine\Mesh</Filter>
        </ClCompile>
        <ClCompile Include="Engine\Mesh\ConeMesh.cpp">
            <Filter>Engine\Mesh</Filter>
        </ClCompile>
        <ClCompile Include="Engine\Mesh\Core\Mesh.cpp">
            <Filter>Engine\Mesh\Core</Filter>
        </ClCompile>
        <ClCompile Include="Engine\Mesh\Core\MeshManage.cpp">
            <Filter>Engine\Mesh\Core</Filter>
        </ClCompile>
        <ClCompile Include="Engine\Mesh\CustomMesh.cpp">
            <Filter>Engine\Mesh</Filter>
        </ClCompile>
        <ClCompile Include="Engine\Mesh\CylinderMesh.cpp">
            <Filter>Engine\Mesh</Filter>
        </ClCompile>
        <ClCompile Include="Engine\Mesh\PlaneMesh.cpp">
            <Filter>Engine\Mesh</Filter>
        </ClCompile>
        <ClCompile Include="Engine\Mesh\SphereMesh.cpp">
            <Filter>Engine\Mesh</Filter>
        </ClCompile>
        <ClCompile Include="Engine\Platform\Windows\WindowsEngine.cpp">
            <Filter>Engine\Platform\Windows</Filter>
        </ClCompile>
        <ClCompile Include="Engine\Platform\Windows\WindowsMessageProcessing.cpp">
            <Filter>Engine\Platform\Windows</Filter>
        </ClCompile>
        <ClCompile Include="Engine\Platform\Windows\WinMainCommandParameters.cpp">
            <Filter>Engine\Platform\Windows</Filter>
        </ClCompile>
        <ClCompile Include="Engine\Shader\Shader.cpp">
            <Filter>Engine\Shader</Filter>
        </ClCompile>
        <ClCompile Include="Rendering\Core\RenderingInterface.cpp">
            <Filter>Rendering\Core</Filter>
        </ClCompile>
        <ClCompile Include="Rendering\DirectX\DX12RenderingEngine.cpp">
            <Filter>Rendering\DirectX</Filter>
        </ClCompile>
        <ClCompile Include="Rendering\DirectX\RenderingEngine.cpp">
            <Filter>Rendering\DirectX</Filter>
        </ClCompile>
        <ClCompile Include="simple_library\private\simple_channel\simple_io_stream\simple_io_stream.cpp">
            <Filter>simple_library\private\simple_channel\simple_io_stream</Filter>
        </ClCompile>
        <ClCompile Include="simple_library\private\simple_channel\simple_net_channel\simple_channel.cpp">
            <Filter>simple_library\private\simple_channel\simple_net_channel</Filter>
        </ClCompile>
        <ClCompile Include="simple_library\private\simple_channel\simple_net_connetion\simple_connetion.cpp">
            <Filter>simple_library\private\simple_channel\simple_net_connetion</Filter>
        </ClCompile>
        <ClCompile Include="simple_library\private\simple_channel\simple_net_connetion\simple_connetion_tcp.cpp">
            <Filter>simple_library\private\simple_channel\simple_net_connetion</Filter>
        </ClCompile>
        <ClCompile Include="simple_library\private\simple_channel\simple_net_connetion\simple_connetion_udp.cpp">
            <Filter>simple_library\private\simple_channel\simple_net_connetion</Filter>
        </ClCompile>
        <ClCompile Include="simple_library\private\simple_channel\simple_net_drive\simple_net_drive.cpp">
            <Filter>simple_library\private\simple_channel\simple_net_drive</Filter>
        </ClCompile>
        <ClCompile Include="simple_library\private\simple_channel\simple_net_drive\simple_net_drive_tcp.cpp">
            <Filter>simple_library\private\simple_channel\simple_net_drive</Filter>
        </ClCompile>
        <ClCompile Include="simple_library\private\simple_channel\simple_net_drive\simple_net_drive_udp.cpp">
            <Filter>simple_library\private\simple_channel\simple_net_drive</Filter>
        </ClCompile>
        <ClCompile Include="simple_library\private\simple_channel\simple_net_type.cpp">
            <Filter>simple_library\private\simple_channel</Filter>
        </ClCompile>
        <ClCompile Include="simple_library\private\simple_channel\simple_object.cpp">
            <Filter>simple_library\private\simple_channel</Filter>
        </ClCompile>
        <ClCompile Include="simple_library\private\simple_core_minimal\simple_c_core\simple_c_array\simple_c_array_string.c">
            <Filter>simple_library\private\simple_core_minimal\simple_c_core\simple_c_array</Filter>
        </ClCompile>
        <ClCompile Include="simple_library\private\simple_core_minimal\simple_c_core\simple_c_string_algorithm\string_algorithm.c">
            <Filter>simple_library\private\simple_core_minimal\simple_c_core\simple_c_string_algorithm</Filter>
        </ClCompile>
        <ClCompile Include="simple_library\private\simple_core_minimal\simple_c_guid\simple_guid.c">
            <Filter>simple_library\private\simple_core_minimal\simple_c_guid</Filter>
        </ClCompile>
        <ClCompile Include="simple_library\private\simple_core_minimal\simple_c_helper_file\simple_file_helper.c">
            <Filter>simple_library\private\simple_core_minimal\simple_c_helper_file</Filter>
        </ClCompile>
        <ClCompile Include="simple_library\private\simple_core_minimal\simple_c_path\simple_c_path.c">
            <Filter>simple_library\private\simple_core_minimal\simple_c_path</Filter>
        </ClCompile>
        <ClCompile Include="simple_library\private\simple_core_minimal\simple_c_time\simple_c_locale_list.c">
            <Filter>simple_library\private\simple_core_minimal\simple_c_time</Filter>
        </ClCompile>
        <ClCompile Include="simple_library\private\simple_core_minimal\simple_c_time\simple_c_time.c">
            <Filter>simple_library\private\simple_core_minimal\simple_c_time</Filter>
        </ClCompile>
        <ClCompile Include="simple_library\private\simple_core_minimal\simple_c_windows\simple_c_windows_register.c">
            <Filter>simple_library\private\simple_core_minimal\simple_c_windows</Filter>
        </ClCompile>
        <ClCompile Include="simple_library\private\simple_core_minimal\simple_c_windows\simple_c_windows_setting.c">
            <Filter>simple_library\private\simple_core_minimal\simple_c_windows</Filter>
        </ClCompile>
        <ClCompile Include="simple_library\private\simple_c_log\simple_c_log.c">
            <Filter>simple_library\private\simple_c_log</Filter>
        </ClCompile>
        <ClCompile Include="simple_library\private\simple_math\math_utils.cpp">
            <Filter>simple_library\private\simple_math</Filter>
        </ClCompile>
        <ClCompile Include="simple_library\private\simple_math\simple_math.c">
            <Filter>simple_library\private\simple_math</Filter>
        </ClCompile>
        <ClCompile Include="simple_library\private\simple_math\transformation\matrix\matrix_2x2.cpp">
            <Filter>simple_library\private\simple_math\transformation\matrix</Filter>
        </ClCompile>
        <ClCompile Include="simple_library\private\simple_math\transformation\matrix\matrix_3x3.cpp">
            <Filter>simple_library\private\simple_math\transformation\matrix</Filter>
        </ClCompile>
        <ClCompile Include="simple_library\private\simple_math\transformation\matrix\matrix_4x4.cpp">
            <Filter>simple_library\private\simple_math\transformation\matrix</Filter>
        </ClCompile>
        <ClCompile Include="simple_library\private\simple_math\transformation\vector\vector_2d.cpp">
            <Filter>simple_library\private\simple_math\transformation\vector</Filter>
        </ClCompile>
        <ClCompile Include="simple_library\private\simple_math\transformation\vector\vector_3d.cpp">
            <Filter>simple_library\private\simple_math\transformation\vector</Filter>
        </ClCompile>
        <ClCompile Include="simple_library\private\simple_math\transformation\vector\vector_4d.cpp">
            <Filter>simple_library\private\simple_math\transformation\vector</Filter>
        </ClCompile>
    </ItemGroup>
    <ItemGroup>
        <ClInclude Include="Engine\Component\Component.h">
            <Filter>Engine\Component</Filter>
        </ClInclude>
        <ClInclude Include="Engine\Component\Input\InputType.h">
            <Filter>Engine\Component\Input</Filter>
        </ClInclude>
        <ClInclude Include="Engine\Component\InputComponent.h">
            <Filter>Engine\Component</Filter>
        </ClInclude>
        <ClInclude Include="Engine\Component\TransformComponent.h">
            <Filter>Engine\Component</Filter>
        </ClInclude>
        <ClInclude Include="Engine\Config\EngineRenderConfig.h">
            <Filter>Engine\Config</Filter>
        </ClInclude>
        <ClInclude Include="Engine\Core\Actor.h">
            <Filter>Engine\Core</Filter>
        </ClInclude>
        <ClInclude Include="Engine\Core\Camera.h">
            <Filter>Engine\Core</Filter>
        </ClInclude>
        <ClInclude Include="Engine\Core\CoreMinimal.h">
            <Filter>Engine\Core</Filter>
        </ClInclude>
        <ClInclude Include="Engine\Core\Engine.h">
            <Filter>Engine\Core</Filter>
        </ClInclude>
        <ClInclude Include="Engine\Core\ICommandParameters.h">
            <Filter>Engine\Core</Filter>
        </ClInclude>
        <ClInclude Include="Engine\Core\Misc\Delegate.h">
            <Filter>Engine\Core\Misc</Filter>
        </ClInclude>
        <ClInclude Include="Engine\Core\Misc\Guid.h">
            <Filter>Engine\Core\Misc</Filter>
        </ClInclude>
        <ClInclude Include="Engine\Core\Misc\PlatformMaro.h">
            <Filter>Engine\Core\Misc</Filter>
        </ClInclude>
        <ClInclude Include="Engine\Core\Object.h">
            <Filter>Engine\Core</Filter>
        </ClInclude>
        <ClInclude Include="Engine\Core\Viewport.h">
            <Filter>Engine\Core</Filter>
        </ClInclude>
        <ClInclude Include="Engine\Core\World.h">
            <Filter>Engine\Core</Filter>
        </ClInclude>
        <ClInclude Include="Engine\DebugInfo\EngineDebug.h">
            <Filter>Engine\DebugInfo</Filter>
        </ClInclude>
        <ClInclude Include="Engine\DebugInfo\EngineLog.h">
            <Filter>Engine\DebugInfo</Filter>
        </ClInclude>
        <ClInclude Include="Engine\EngineFactory.h">
            <Filter>Engine</Filter>
        </ClInclude>
        <ClInclude Include="Engine\EngineMinimal.h">
            <Filter>Engine</Filter>
        </ClInclude>
        <ClInclude Include="Engine\GC\CodeRefMacro.h">
            <Filter>Engine\GC</Filter>
        </ClInclude>
        <ClInclude Include="Engine\Math\MathHelper.h">
            <Filter>Engine\Math</Filter>
        </ClInclude>
        <ClInclude Include="Engine\Math\MathUtility.h">
            <Filter>Engine\Math</Filter>
        </ClInclude>
        <ClInclude Include="Engine\Mesh\BoxMesh.h">
            <Filter>Engine\Mesh</Filter>
        </ClInclude>
        <ClInclude Include="Engine\Mesh\ConeMesh.h">
            <Filter>Engine\Mesh</Filter>
        </ClInclude>
        <ClInclude Include="Engine\Mesh\Core\Mesh.h">
            <Filter>Engine\Mesh\Core</Filter>
        </ClInclude>
        <ClInclude Include="Engine\Mesh\Core\MeshBufferData.h">
            <Filter>Engine\Mesh\Core</Filter>
        </ClInclude>
        <ClInclude Include="Engine\Mesh\Core\MeshManage.h">
            <Filter>Engine\Mesh\Core</Filter>
        </ClInclude>
        <ClInclude Include="Engine\Mesh\CustomMesh.h">
            <Filter>Engine\Mesh</Filter>
        </ClInclude>
        <ClInclude Include="Engine\Mesh\CylinderMesh.h">
            <Filter>Engine\Mesh</Filter>
        </ClInclude>
        <ClInclude Include="Engine\Mesh\PlaneMesh.h">
            <Filter>Engine\Mesh</Filter>
        </ClInclude>
        <ClInclude Include="Engine\Mesh\SphereMesh.h">
            <Filter>Engine\Mesh</Filter>
        </ClInclude>
        <ClInclude Include="Engine\Platform\Windows\WindowsEngine.h">
            <Filter>Engine\Platform\Windows</Filter>
        </ClInclude>
        <ClInclude Include="Engine\Platform\Windows\WindowsMessageProcessing.h">
            <Filter>Engine\Platform\Windows</Filter>
        </ClInclude>
        <ClInclude Include="Engine\Platform\Windows\WindowsPlatform.h">
            <Filter>Engine\Platform\Windows</Filter>
        </ClInclude>
        <ClInclude Include="Engine\Platform\Windows\WinMainCommandParameters.h">
            <Filter>Engine\Platform\Windows</Filter>
        </ClInclude>
        <ClInclude Include="Engine\Shader\Shader.h">
            <Filter>Engine\Shader</Filter>
        </ClInclude>
        <ClInclude Include="Rendering\Core\RenderingInterface.h">
            <Filter>Rendering\Core</Filter>
        </ClInclude>
        <ClInclude Include="Rendering\Core\UploadBuffer.h">
            <Filter>Rendering\Core</Filter>
        </ClInclude>
        <ClInclude Include="Rendering\DirectX\d3dx12.h">
            <Filter>Rendering\DirectX</Filter>
        </ClInclude>
        <ClInclude Include="Rendering\DirectX\DX12RenderingEngine.h">
            <Filter>Rendering\DirectX</Filter>
        </ClInclude>
        <ClInclude Include="Rendering\DirectX\RenderingEngine.h">
            <Filter>Rendering\DirectX</Filter>
        </ClInclude>
        <ClInclude Include="Shader\testShader.hlsl">
            <Filter>Shader</Filter>
        </ClInclude>
        <ClInclude Include="simple_library\private\simple_channel\simple_net_connetion\simple_connetion_tcp.h">
            <Filter>simple_library\private\simple_channel\simple_net_connetion</Filter>
        </ClInclude>
        <ClInclude Include="simple_library\private\simple_channel\simple_net_connetion\simple_connetion_udp.h">
            <Filter>simple_library\private\simple_channel\simple_net_connetion</Filter>
        </ClInclude>
        <ClInclude Include="simple_library\private\simple_channel\simple_net_drive\simple_net_drive_tcp.h">
            <Filter>simple_library\private\simple_channel\simple_net_drive</Filter>
        </ClInclude>
        <ClInclude Include="simple_library\private\simple_channel\simple_net_drive\simple_net_drive_udp.h">
            <Filter>simple_library\private\simple_channel\simple_net_drive</Filter>
        </ClInclude>
        <ClInclude Include="simple_library\public\simple_array\simple_hash_array.h">
            <Filter>simple_library\public\simple_array</Filter>
        </ClInclude>
        <ClInclude Include="simple_library\public\simple_channel\simple_core\simple_channel.h">
            <Filter>simple_library\public\simple_channel\simple_core</Filter>
        </ClInclude>
        <ClInclude Include="simple_library\public\simple_channel\simple_core\simple_connetion.h">
            <Filter>simple_library\public\simple_channel\simple_core</Filter>
        </ClInclude>
        <ClInclude Include="simple_library\public\simple_channel\simple_core\simple_io_stream.h">
            <Filter>simple_library\public\simple_channel\simple_core</Filter>
        </ClInclude>
        <ClInclude Include="simple_library\public\simple_channel\simple_core\simple_net_macro.h">
            <Filter>simple_library\public\simple_channel\simple_core</Filter>
        </ClInclude>
        <ClInclude Include="simple_library\public\simple_channel\simple_core\simple_object.h">
            <Filter>simple_library\public\simple_channel\simple_core</Filter>
        </ClInclude>
        <ClInclude Include="simple_library\public\simple_channel\simple_net_drive.h">
            <Filter>simple_library\public\simple_channel</Filter>
        </ClInclude>
        <ClInclude Include="simple_library\public\simple_channel\simple_net_protocols.h">
            <Filter>simple_library\public\simple_channel</Filter>
        </ClInclude>
        <ClInclude Include="simple_library\public\simple_channel\simple_net_type.h">
            <Filter>simple_library\public\simple_channel</Filter>
        </ClInclude>
        <ClInclude Include="simple_library\public\simple_channel\simple_protocols_definition.h">
            <Filter>simple_library\public\simple_channel</Filter>
        </ClInclude>
        <ClInclude Include="simple_library\public\simple_core_minimal\simple_c_core\simple_core_minimal.h">
            <Filter>simple_library\public\simple_core_minimal\simple_c_core</Filter>
        </ClInclude>
        <ClInclude Include="simple_library\public\simple_core_minimal\simple_c_core\simple_c_array\Core\simple_array_c_macro.h">
            <Filter>simple_library\public\simple_core_minimal\simple_c_core\simple_c_array\Core</Filter>
        </ClInclude>
        <ClInclude Include="simple_library\public\simple_core_minimal\simple_c_core\simple_c_array\simple_c_array.h">
            <Filter>simple_library\public\simple_core_minimal\simple_c_core\simple_c_array</Filter>
        </ClInclude>
        <ClInclude Include="simple_library\public\simple_core_minimal\simple_c_core\simple_c_array\simple_c_array_string.h">
            <Filter>simple_library\public\simple_core_minimal\simple_c_core\simple_c_array</Filter>
        </ClInclude>
        <ClInclude Include="simple_library\public\simple_core_minimal\simple_c_core\simple_c_string_algorithm\string_algorithm.h">
            <Filter>simple_library\public\simple_core_minimal\simple_c_core\simple_c_string_algorithm</Filter>
        </ClInclude>
        <ClInclude Include="simple_library\public\simple_core_minimal\simple_c_guid\simple_guid.h">
            <Filter>simple_library\public\simple_core_minimal\simple_c_guid</Filter>
        </ClInclude>
        <ClInclude Include="simple_library\public\simple_core_minimal\simple_c_helper_file\simple_file_helper.h">
            <Filter>simple_library\public\simple_core_minimal\simple_c_helper_file</Filter>
        </ClInclude>
        <ClInclude Include="simple_library\public\simple_core_minimal\simple_c_path\simple_path.h">
            <Filter>simple_library\public\simple_core_minimal\simple_c_path</Filter>
        </ClInclude>
        <ClInclude Include="simple_library\public\simple_core_minimal\simple_c_time\simple_c_locale_list.h">
            <Filter>simple_library\public\simple_core_minimal\simple_c_time</Filter>
        </ClInclude>
        <ClInclude Include="simple_library\public\simple_core_minimal\simple_c_time\simple_c_time.h">
            <Filter>simple_library\public\simple_core_minimal\simple_c_time</Filter>
        </ClInclude>
        <ClInclude Include="simple_library\public\simple_core_minimal\simple_c_windows\simple_c_windows_register.h">
            <Filter>simple_library\public\simple_core_minimal\simple_c_windows</Filter>
        </ClInclude>
        <ClInclude Include="simple_library\public\simple_core_minimal\simple_c_windows\simple_c_windows_setting.h">
            <Filter>simple_library\public\simple_core_minimal\simple_c_windows</Filter>
        </ClInclude>
        <ClInclude Include="simple_library\public\simple_cpp_core_minimal\shared\simple_cpp_shared_ptr.h">
            <Filter>simple_library\public\simple_cpp_core_minimal\shared</Filter>
        </ClInclude>
        <ClInclude Include="simple_library\public\simple_cpp_core_minimal\shared\simple_cpp_shared_ptr_type.h">
            <Filter>simple_library\public\simple_cpp_core_minimal\shared</Filter>
        </ClInclude>
        <ClInclude Include="simple_library\public\simple_cpp_core_minimal\simple_cpp_core_minimal.h">
            <Filter>simple_library\public\simple_cpp_core_minimal</Filter>
        </ClInclude>
        <ClInclude Include="simple_library\public\simple_c_log\simple_c_log.h">
            <Filter>simple_library\public\simple_c_log</Filter>
        </ClInclude>
        <ClInclude Include="simple_library\public\simple_library.h">
            <Filter>simple_library\public</Filter>
        </ClInclude>
        <ClInclude Include="simple_library\public\simple_math\math_libray.hpp">
            <Filter>simple_library\public\simple_math</Filter>
        </ClInclude>
        <ClInclude Include="simple_library\public\simple_math\math_utils.h">
            <Filter>simple_library\public\simple_math</Filter>
        </ClInclude>
        <ClInclude Include="simple_library\public\simple_math\simple_core_math.h">
            <Filter>simple_library\public\simple_math</Filter>
        </ClInclude>
        <ClInclude Include="simple_library\public\simple_math\simple_math.h">
            <Filter>simple_library\public\simple_math</Filter>
        </ClInclude>
        <ClInclude Include="simple_library\public\simple_math\transformation\matrix\matrix_2x2.h">
            <Filter>simple_library\public\simple_math\transformation\matrix</Filter>
        </ClInclude>
        <ClInclude Include="simple_library\public\simple_math\transformation\matrix\matrix_3x3.h">
            <Filter>simple_library\public\simple_math\transformation\matrix</Filter>
        </ClInclude>
        <ClInclude Include="simple_library\public\simple_math\transformation\matrix\matrix_4x4.h">
            <Filter>simple_library\public\simple_math\transformation\matrix</Filter>
        </ClInclude>
        <ClInclude Include="simple_library\public\simple_math\transformation\vector\vector_2d.h">
            <Filter>simple_library\public\simple_math\transformation\vector</Filter>
        </ClInclude>
        <ClInclude Include="simple_library\public\simple_math\transformation\vector\vector_3d.h">
            <Filter>simple_library\public\simple_math\transformation\vector</Filter>
        </ClInclude>
        <ClInclude Include="simple_library\public\simple_math\transformation\vector\vector_4d.h">
            <Filter>simple_library\public\simple_math\transformation\vector</Filter>
        </ClInclude>
    </ItemGroup>
</Project>
