<?xml version="1.0" encoding="utf-8" ?>
<Project ToolsVersion="4.0" xmlns="http://schemas.microsoft.com/developer/msbuild/2003">
    <ItemGroup>
        <Filter Include="Engine">
            <UniqueIdentifier>{BA7392E3-3511-48FA-856D-679C0311FFAF}</UniqueIdentifier>
        </Filter>
        <Filter Include="Engine\Component">
            <UniqueIdentifier>{62DFD8A2-0B5C-4865-BBA5-ABD5BB7CA30E}</UniqueIdentifier>
        </Filter>
        <Filter Include="Engine\Component\Input">
            <UniqueIdentifier>{1E6AB85A-8EB9-44CB-B0C1-99D906E6EDBD}</UniqueIdentifier>
        </Filter>
        <Filter Include="Engine\Config">
            <UniqueIdentifier>{853AD84C-3077-4ADA-B832-FE20B8CDADA6}</UniqueIdentifier>
        </Filter>
        <Filter Include="Engine\Core">
            <UniqueIdentifier>{73910909-011A-4C6A-B558-A705607C4B05}</UniqueIdentifier>
        </Filter>
        <Filter Include="Engine\Core\Misc">
            <UniqueIdentifier>{33BF4BA8-A72D-4C72-AD79-429A5F39A944}</UniqueIdentifier>
        </Filter>
        <Filter Include="Engine\DebugInfo">
            <UniqueIdentifier>{AFF2313C-5EA8-423E-BCFD-A16A79EDDCB9}</UniqueIdentifier>
        </Filter>
        <Filter Include="Engine\GC">
            <UniqueIdentifier>{50CD7105-6D72-4AF7-B70D-D3A8A976509A}</UniqueIdentifier>
        </Filter>
        <Filter Include="Engine\Math">
            <UniqueIdentifier>{6F94BC32-BCA0-420F-8B59-ABFE212DEC4C}</UniqueIdentifier>
        </Filter>
        <Filter Include="Engine\Mesh">
            <UniqueIdentifier>{9FABA34C-915E-42A2-9BD1-9CD403FFBD26}</UniqueIdentifier>
        </Filter>
        <Filter Include="Engine\Mesh\Core">
            <UniqueIdentifier>{CEC08D16-72F7-4CD2-91B1-D7E297CA0064}</UniqueIdentifier>
        </Filter>
        <Filter Include="Engine\Platform">
            <UniqueIdentifier>{EA2FBF99-0473-45AF-8104-C8ACE6F187EF}</UniqueIdentifier>
        </Filter>
        <Filter Include="Engine\Platform\PS">
            <UniqueIdentifier>{21A1F6F7-BF4F-433C-AE87-3A2C8CB372DC}</UniqueIdentifier>
        </Filter>
        <Filter Include="Engine\Platform\Windows">
            <UniqueIdentifier>{B5B6E48C-C053-44FD-960B-4F0F9B10F7F0}</UniqueIdentifier>
        </Filter>
        <Filter Include="Engine\Shader">
            <UniqueIdentifier>{A8A062E5-E575-476A-92B2-39A38AE1BD63}</UniqueIdentifier>
        </Filter>
        <Filter Include="Rendering">
            <UniqueIdentifier>{C89FCE96-BA86-44D0-8D93-80241A43E7AE}</UniqueIdentifier>
        </Filter>
        <Filter Include="Rendering\Core">
            <UniqueIdentifier>{71C7F883-9C8F-457B-9674-5ACD88784F41}</UniqueIdentifier>
        </Filter>
        <Filter Include="Rendering\DirectX">
            <UniqueIdentifier>{7057EA50-6E3D-437B-8AAB-AD334A21640F}</UniqueIdentifier>
        </Filter>
        <Filter Include="Rendering\Metal">
            <UniqueIdentifier>{F0922DB9-E398-4E46-82EB-4B23B8FA0BD7}</UniqueIdentifier>
        </Filter>
        <Filter Include="Rendering\OpenGL">
            <UniqueIdentifier>{B871D647-A13F-4C1B-9A5A-35A805A26082}</UniqueIdentifier>
        </Filter>
        <Filter Include="Rendering\Vulkan">
            <UniqueIdentifier>{B37BF66B-1CD3-4CC6-B673-5138BC6F5100}</UniqueIdentifier>
        </Filter>
        <Filter Include="Shader">
            <UniqueIdentifier>{3CA7BF42-02F2-4598-92A6-D4B2E781F632}</UniqueIdentifier>
        </Filter>
        <Filter Include="simple_library">
            <UniqueIdentifier>{07E816EF-CC64-4C5F-8A98-5A24BC67DA9E}</UniqueIdentifier>
        </Filter>
        <Filter Include="simple_library\private">
            <UniqueIdentifier>{5D114EC9-F480-4941-8084-953D53E8BE0E}</UniqueIdentifier>
        </Filter>
        <Filter Include="simple_library\private\simple_channel">
            <UniqueIdentifier>{E0F212BD-56EF-427B-88B4-E18B1F0D87E1}</UniqueIdentifier>
        </Filter>
        <Filter Include="simple_library\private\simple_channel\simple_io_stream">
            <UniqueIdentifier>{CFE2C8CB-8BDD-4A98-B9F5-A3BC106BBFE3}</UniqueIdentifier>
        </Filter>
        <Filter Include="simple_library\private\simple_channel\simple_net_channel">
            <UniqueIdentifier>{18F34148-A5CC-4187-9170-524B4F01E3CF}</UniqueIdentifier>
        </Filter>
        <Filter Include="simple_library\private\simple_channel\simple_net_connetion">
            <UniqueIdentifier>{9CDB8A78-8E3A-4963-B393-246720A9B423}</UniqueIdentifier>
        </Filter>
        <Filter Include="simple_library\private\simple_channel\simple_net_drive">
            <UniqueIdentifier>{525FFC43-1C1F-4FD5-83FA-6F69C1650761}</UniqueIdentifier>
        </Filter>
        <Filter Include="simple_library\private\simple_core_minimal">
            <UniqueIdentifier>{969A65E0-70E6-4368-ADDA-6CE07A6CE456}</UniqueIdentifier>
        </Filter>
        <Filter Include="simple_library\private\simple_core_minimal\simple_c_core">
            <UniqueIdentifier>{1618C368-5B9A-4B0C-98D8-343603D8E9EC}</UniqueIdentifier>
        </Filter>
        <Filter Include="simple_library\private\simple_core_minimal\simple_c_core\simple_c_array">
            <UniqueIdentifier>{AC716C05-C1C5-4B99-86D3-2D3795E975B6}</UniqueIdentifier>
        </Filter>
        <Filter Include="simple_library\private\simple_core_minimal\simple_c_core\simple_c_string_algorithm">
            <UniqueIdentifier>{F666469A-E3FB-44B5-A68C-628AC3F26222}</UniqueIdentifier>
        </Filter>
        <Filter Include="simple_library\private\simple_core_minimal\simple_c_guid">
            <UniqueIdentifier>{53255455-410B-4DB5-B903-84A225328C98}</UniqueIdentifier>
        </Filter>
        <Filter Include="simple_library\private\simple_core_minimal\simple_c_helper_file">
            <UniqueIdentifier>{B610D034-5206-4DCF-A914-CCE3463A018F}</UniqueIdentifier>
        </Filter>
        <Filter Include="simple_library\private\simple_core_minimal\simple_c_path">
            <UniqueIdentifier>{DE840E7E-DF36-48ED-918A-45D17EA87105}</UniqueIdentifier>
        </Filter>
        <Filter Include="simple_library\private\simple_core_minimal\simple_c_time">
            <UniqueIdentifier>{83FD817F-A836-4A9A-ABD3-D0DCF4A2694F}</UniqueIdentifier>
        </Filter>
        <Filter Include="simple_library\private\simple_core_minimal\simple_c_windows">
            <UniqueIdentifier>{53542B3A-60A3-4C57-8615-C938D466FDCE}</UniqueIdentifier>
        </Filter>
        <Filter Include="simple_library\private\simple_c_log">
            <UniqueIdentifier>{3FEBD5B0-7947-435E-B99E-6F8D9C0CAD7C}</UniqueIdentifier>
        </Filter>
        <Filter Include="simple_library\private\simple_math">
            <UniqueIdentifier>{2B4F6264-6549-4E38-A76B-91C483532010}</UniqueIdentifier>
        </Filter>
        <Filter Include="simple_library\private\simple_math\transformation">
            <UniqueIdentifier>{1BF06564-6056-401B-8B23-D4A4527B9EE3}</UniqueIdentifier>
        </Filter>
        <Filter Include="simple_library\private\simple_math\transformation\matrix">
            <UniqueIdentifier>{BC456470-C81B-4535-8E2C-57FEBAB45354}</UniqueIdentifier>
        </Filter>
        <Filter Include="simple_library\private\simple_math\transformation\vector">
            <UniqueIdentifier>{16B2D37A-15E2-41CF-8381-D9FAEFD3E1AC}</UniqueIdentifier>
        </Filter>
        <Filter Include="simple_library\public">
            <UniqueIdentifier>{8531830A-BAC8-4A94-AEEB-214C438764D6}</UniqueIdentifier>
        </Filter>
        <Filter Include="simple_library\public\simple_array">
            <UniqueIdentifier>{E1CBB6AD-AE44-418F-BCF2-AD3611D887B1}</UniqueIdentifier>
        </Filter>
        <Filter Include="simple_library\public\simple_channel">
            <UniqueIdentifier>{AD791053-6C48-4294-A7FA-F27EEFB03FEB}</UniqueIdentifier>
        </Filter>
        <Filter Include="simple_library\public\simple_channel\simple_core">
            <UniqueIdentifier>{790FBE98-E37C-4633-A52F-E205986AA596}</UniqueIdentifier>
        </Filter>
        <Filter Include="simple_library\public\simple_core_minimal">
            <UniqueIdentifier>{1A76FE73-2E73-4B36-98E9-92F530E147CD}</UniqueIdentifier>
        </Filter>
        <Filter Include="simple_library\public\simple_core_minimal\simple_c_core">
            <UniqueIdentifier>{F5389068-0687-4137-A569-48E8CB867851}</UniqueIdentifier>
        </Filter>
        <Filter Include="simple_library\public\simple_core_minimal\simple_c_core\simple_c_array">
            <UniqueIdentifier>{702BB9A8-DD55-4036-8D58-773DF03F0BB6}</UniqueIdentifier>
        </Filter>
        <Filter Include="simple_library\public\simple_core_minimal\simple_c_core\simple_c_array\Core">
            <UniqueIdentifier>{5A3E6D93-57AA-41A9-8294-605ABFFA6FC2}</UniqueIdentifier>
        </Filter>
        <Filter Include="simple_library\public\simple_core_minimal\simple_c_core\simple_c_string_algorithm">
            <UniqueIdentifier>{FCDC69B3-0E90-478F-9340-D1E22B7BC2BA}</UniqueIdentifier>
        </Filter>
        <Filter Include="simple_library\public\simple_core_minimal\simple_c_guid">
            <UniqueIdentifier>{EF40E709-42A2-438A-8055-58A3F8C2ED15}</UniqueIdentifier>
        </Filter>
        <Filter Include="simple_library\public\simple_core_minimal\simple_c_helper_file">
            <UniqueIdentifier>{7B04256D-9FD3-4AB9-B168-4C21D0A2B861}</UniqueIdentifier>
        </Filter>
        <Filter Include="simple_library\public\simple_core_minimal\simple_c_path">
            <UniqueIdentifier>{20FB5777-A0EB-4A18-BFED-00567BE8F9DA}</UniqueIdentifier>
        </Filter>
        <Filter Include="simple_library\public\simple_core_minimal\simple_c_time">
            <UniqueIdentifier>{43D3C12C-4BAA-4110-9C9F-9988B5BA97D8}</UniqueIdentifier>
        </Filter>
        <Filter Include="simple_library\public\simple_core_minimal\simple_c_windows">
            <UniqueIdentifier>{32A6C497-22F2-4BEE-AFE8-BB14688A1256}</UniqueIdentifier>
        </Filter>
        <Filter Include="simple_library\public\simple_cpp_core_minimal">
            <UniqueIdentifier>{83101C08-2675-4E7C-8E96-44102E216353}</UniqueIdentifier>
        </Filter>
        <Filter Include="simple_library\public\simple_cpp_core_minimal\shared">
            <UniqueIdentifier>{6CB4AC72-CEA6-4F21-86E9-7EA068AEE99E}</UniqueIdentifier>
        </Filter>
        <Filter Include="simple_library\public\simple_c_log">
            <UniqueIdentifier>{271EBF8C-BD75-4F28-9784-680B2A1C240A}</UniqueIdentifier>
        </Filter>
        <Filter Include="simple_library\public\simple_http">
            <UniqueIdentifier>{C415EC0E-3C34-422C-BCA2-0FAD03DB4DF7}</UniqueIdentifier>
        </Filter>
        <Filter Include="simple_library\public\simple_math">
            <UniqueIdentifier>{ED06B0DC-6C9E-47AC-A0CB-8490B60032BD}</UniqueIdentifier>
        </Filter>
        <Filter Include="simple_library\public\simple_math\transformation">
            <UniqueIdentifier>{8282A2D0-3817-404A-AFB4-D014F669A04B}</UniqueIdentifier>
        </Filter>
        <Filter Include="simple_library\public\simple_math\transformation\matrix">
            <UniqueIdentifier>{CA16A9E8-BDA1-48EC-AAB9-46ECE81E2AC0}</UniqueIdentifier>
        </Filter>
        <Filter Include="simple_library\public\simple_math\transformation\vector">
            <UniqueIdentifier>{980C2C35-AB12-403E-8179-B26C815FA25F}</UniqueIdentifier>
        </Filter>
        <Filter Include="simple_library\public\simple_mysql">
            <UniqueIdentifier>{C75B446A-B45F-45F0-A812-1E7683E6B38E}</UniqueIdentifier>
        </Filter>
    </ItemGroup>
    <ItemGroup>
        <ClCompile Include="Engine\Component\ActorComponent.cpp">
            <Filter>Engine\Component</Filter>
        </ClCompile>
        <ClCompile Include="Engine\Component\Component.cpp">
            <Filter>Engine\Component</Filter>
        </ClCompile>
        <ClCompile Include="Engine\Component\Input\Input.cpp">
            <Filter>Engine\Component\Input</Filter>
        </ClCompile>
        <ClCompile Include="Engine\Component\InputComponent.cpp">
            <Filter>Engine\Component</Filter>
        </ClCompile>
        <ClCompile Include="Engine\Component\TransformComponent.cpp">
            <Filter>Engine\Component</Filter>
        </ClCompile>
        <ClCompile Include="Engine\Config\EngineRenderConfig.cpp">
            <Filter>Engine\Config</Filter>
        </ClCompile>
        <ClCompile Include="Engine\Core\Actor.cpp">
            <Filter>Engine\Core</Filter>
        </ClCompile>
        <ClCompile Include="Engine\Core\Camera.cpp">
            <Filter>Engine\Core</Filter>
        </ClCompile>
        <ClCompile Include="Engine\Core\Engine.cpp">
            <Filter>Engine\Core</Filter>
        </ClCompile>
        <ClCompile Include="Engine\Core\Misc\Guid.cpp">
            <Filter>Engine\Core\Misc</Filter>
        </ClCompile>
        <ClCompile Include="Engine\Core\Object.cpp">
            <Filter>Engine\Core</Filter>
        </ClCompile>
        <ClCompile Include="Engine\Core\Viewport.cpp">
            <Filter>Engine\Core</Filter>
        </ClCompile>
        <ClCompile Include="Engine\Core\World.cpp">
            <Filter>Engine\Core</Filter>
        </ClCompile>
        <ClCompile Include="Engine\DebugInfo\EngineDebug.cpp">
            <Filter>Engine\DebugInfo</Filter>
        </ClCompile>
        <ClCompile Include="Engine\EngineFactory.cpp">
            <Filter>Engine</Filter>
        </ClCompile>
        <ClCompile Include="Engine\EngineMinimal.cpp">
            <Filter>Engine</Filter>
        </ClCompile>
        <ClCompile Include="Engine\Luanch.cpp">
            <Filter>Engine</Filter>
        </ClCompile>
        <ClCompile Include="Engine\Math\MathHelper.cpp">
            <Filter>Engine\Math</Filter>
        </ClCompile>
        <ClCompile Include="Engine\Math\MathUtility.cpp">
            <Filter>Engine\Math</Filter>
        </ClCompile>
        <ClCompile Include="Engine\Mesh\BoxMesh.cpp">
            <Filter>Engine\Mesh</Filter>
        </ClCompile>
        <ClCompile Include="Engine\Mesh\ConeMesh.cpp">
            <Filter>Engine\Mesh</Filter>
        </ClCompile>
        <ClCompile Include="Engine\Mesh\Core\Mesh.cpp">
            <Filter>Engine\Mesh\Core</Filter>
        </ClCompile>
        <ClCompile Include="Engine\Mesh\Core\MeshManage.cpp">
            <Filter>Engine\Mesh\Core</Filter>
        </ClCompile>
        <ClCompile Include="Engine\Mesh\CustomMesh.cpp">
            <Filter>Engine\Mesh</Filter>
        </ClCompile>
        <ClCompile Include="Engine\Mesh\CylinderMesh.cpp">
            <Filter>Engine\Mesh</Filter>
        </ClCompile>
        <ClCompile Include="Engine\Mesh\PlaneMesh.cpp">
            <Filter>Engine\Mesh</Filter>
        </ClCompile>
        <ClCompile Include="Engine\Mesh\SphereMesh.cpp">
            <Filter>Engine\Mesh</Filter>
        </ClCompile>
        <ClCompile Include="Engine\Platform\Windows\WindowsEngine.cpp">
            <Filter>Engine\Platform\Windows</Filter>
        </ClCompile>
        <ClCompile Include="Engine\Platform\Windows\WindowsMessageProcessing.cpp">
            <Filter>Engine\Platform\Windows</Filter>
        </ClCompile>
        <ClCompile Include="Engine\Platform\Windows\WinMainCommandParameters.cpp">
            <Filter>Engine\Platform\Windows</Filter>
        </ClCompile>
        <ClCompile Include="Engine\Shader\Shader.cpp">
            <Filter>Engine\Shader</Filter>
        </ClCompile>
        <ClCompile Include="Rendering\Core\d3dUtil.cpp">
            <Filter>Rendering\Core</Filter>
        </ClCompile>
        <ClCompile Include="Rendering\Core\RenderingInterface.cpp">
            <Filter>Rendering\Core</Filter>
        </ClCompile>
        <ClCompile Include="Rendering\DirectX\DirectXDeviceInterfece.cpp">
            <Filter>Rendering\DirectX</Filter>
        </ClCompile>
        <ClCompile Include="Rendering\DirectX\DX12RenderingEngine.cpp">
            <Filter>Rendering\DirectX</Filter>
        </ClCompile>
        <ClCompile Include="Rendering\DirectX\RenderingEngine.cpp">
            <Filter>Rendering\DirectX</Filter>
        </ClCompile>
        <ClCompile Include="Rendering\Metal\MetalRenderingEngin.cpp">
            <Filter>Rendering\Metal</Filter>
        </ClCompile>
        <ClCompile Include="Rendering\OpenGL\OpenGLDeviceInterfece.cpp">
            <Filter>Rendering\OpenGL</Filter>
        </ClCompile>
        <ClCompile Include="Rendering\OpenGL\OpenGLRenderingEngine.cpp">
            <Filter>Rendering\OpenGL</Filter>
        </ClCompile>
        <ClCompile Include="Rendering\Vulkan\VulkanRenderingEngine.cpp">
            <Filter>Rendering\Vulkan</Filter>
        </ClCompile>
        <ClCompile Include="simple_library\private\simple_channel\simple_io_stream\simple_io_stream.cpp">
            <Filter>simple_library\private\simple_channel\simple_io_stream</Filter>
        </ClCompile>
        <ClCompile Include="simple_library\private\simple_channel\simple_net_channel\simple_channel.cpp">
            <Filter>simple_library\private\simple_channel\simple_net_channel</Filter>
        </ClCompile>
        <ClCompile Include="simple_library\private\simple_channel\simple_net_connetion\simple_connetion.cpp">
            <Filter>simple_library\private\simple_channel\simple_net_connetion</Filter>
        </ClCompile>
        <ClCompile Include="simple_library\private\simple_channel\simple_net_connetion\simple_connetion_tcp.cpp">
            <Filter>simple_library\private\simple_channel\simple_net_connetion</Filter>
        </ClCompile>
        <ClCompile Include="simple_library\private\simple_channel\simple_net_connetion\simple_connetion_udp.cpp">
            <Filter>simple_library\private\simple_channel\simple_net_connetion</Filter>
        </ClCompile>
        <ClCompile Include="simple_library\private\simple_channel\simple_net_drive\simple_net_drive.cpp">
            <Filter>simple_library\private\simple_channel\simple_net_drive</Filter>
        </ClCompile>
        <ClCompile Include="simple_library\private\simple_channel\simple_net_drive\simple_net_drive_tcp.cpp">
            <Filter>simple_library\private\simple_channel\simple_net_drive</Filter>
        </ClCompile>
        <ClCompile Include="simple_library\private\simple_channel\simple_net_drive\simple_net_drive_udp.cpp">
            <Filter>simple_library\private\simple_channel\simple_net_drive</Filter>
        </ClCompile>
        <ClCompile Include="simple_library\private\simple_channel\simple_net_type.cpp">
            <Filter>simple_library\private\simple_channel</Filter>
        </ClCompile>
        <ClCompile Include="simple_library\private\simple_channel\simple_object.cpp">
            <Filter>simple_library\private\simple_channel</Filter>
        </ClCompile>
        <ClCompile Include="simple_library\private\simple_core_minimal\simple_c_core\simple_c_array\simple_c_array_string.c">
            <Filter>simple_library\private\simple_core_minimal\simple_c_core\simple_c_array</Filter>
        </ClCompile>
        <ClCompile Include="simple_library\private\simple_core_minimal\simple_c_core\simple_c_string_algorithm\string_algorithm.c">
            <Filter>simple_library\private\simple_core_minimal\simple_c_core\simple_c_string_algorithm</Filter>
        </ClCompile>
        <ClCompile Include="simple_library\private\simple_core_minimal\simple_c_guid\simple_guid.c">
            <Filter>simple_library\private\simple_core_minimal\simple_c_guid</Filter>
        </ClCompile>
        <ClCompile Include="simple_library\private\simple_core_minimal\simple_c_helper_file\simple_file_helper.c">
            <Filter>simple_library\private\simple_core_minimal\simple_c_helper_file</Filter>
        </ClCompile>
        <ClCompile Include="simple_library\private\simple_core_minimal\simple_c_path\simple_c_path.c">
            <Filter>simple_library\private\simple_core_minimal\simple_c_path</Filter>
        </ClCompile>
        <ClCompile Include="simple_library\private\simple_core_minimal\simple_c_time\simple_c_locale_list.c">
            <Filter>simple_library\private\simple_core_minimal\simple_c_time</Filter>
        </ClCompile>
        <ClCompile Include="simple_library\private\simple_core_minimal\simple_c_time\simple_c_time.c">
            <Filter>simple_library\private\simple_core_minimal\simple_c_time</Filter>
        </ClCompile>
        <ClCompile Include="simple_library\private\simple_core_minimal\simple_c_windows\simple_c_windows_register.c">
            <Filter>simple_library\private\simple_core_minimal\simple_c_windows</Filter>
        </ClCompile>
        <ClCompile Include="simple_library\private\simple_core_minimal\simple_c_windows\simple_c_windows_setting.c">
            <Filter>simple_library\private\simple_core_minimal\simple_c_windows</Filter>
        </ClCompile>
        <ClCompile Include="simple_library\private\simple_c_log\simple_c_log.c">
            <Filter>simple_library\private\simple_c_log</Filter>
        </ClCompile>
        <ClCompile Include="simple_library\private\simple_math\math_utils.cpp">
            <Filter>simple_library\private\simple_math</Filter>
        </ClCompile>
        <ClCompile Include="simple_library\private\simple_math\simple_math.c">
            <Filter>simple_library\private\simple_math</Filter>
        </ClCompile>
        <ClCompile Include="simple_library\private\simple_math\transformation\matrix\matrix_2x2.cpp">
            <Filter>simple_library\private\simple_math\transformation\matrix</Filter>
        </ClCompile>
        <ClCompile Include="simple_library\private\simple_math\transformation\matrix\matrix_3x3.cpp">
            <Filter>simple_library\private\simple_math\transformation\matrix</Filter>
        </ClCompile>
        <ClCompile Include="simple_library\private\simple_math\transformation\matrix\matrix_4x4.cpp">
            <Filter>simple_library\private\simple_math\transformation\matrix</Filter>
        </ClCompile>
        <ClCompile Include="simple_library\private\simple_math\transformation\vector\vector_2d.cpp">
            <Filter>simple_library\private\simple_math\transformation\vector</Filter>
        </ClCompile>
        <ClCompile Include="simple_library\private\simple_math\transformation\vector\vector_3d.cpp">
            <Filter>simple_library\private\simple_math\transformation\vector</Filter>
        </ClCompile>
        <ClCompile Include="simple_library\private\simple_math\transformation\vector\vector_4d.cpp">
            <Filter>simple_library\private\simple_math\transformation\vector</Filter>
        </ClCompile>
    </ItemGroup>
    <ItemGroup>
        <ClInclude Include="Engine\Component\ActorComponent.h">
            <Filter>Engine\Component</Filter>
        </ClInclude>
        <ClInclude Include="Engine\Component\Component.h">
            <Filter>Engine\Component</Filter>
        </ClInclude>
        <ClInclude Include="Engine\Component\Input\Input.h">
            <Filter>Engine\Component\Input</Filter>
        </ClInclude>
        <ClInclude Include="Engine\Component\Input\InputType.h">
            <Filter>Engine\Component\Input</Filter>
        </ClInclude>
        <ClInclude Include="Engine\Component\InputComponent.h">
            <Filter>Engine\Component</Filter>
        </ClInclude>
        <ClInclude Include="Engine\Component\TransformComponent.h">
            <Filter>Engine\Component</Filter>
        </ClInclude>
        <ClInclude Include="Engine\Config\EngineRenderConfig.h">
            <Filter>Engine\Config</Filter>
        </ClInclude>
        <ClInclude Include="Engine\Core\Actor.h">
            <Filter>Engine\Core</Filter>
        </ClInclude>
        <ClInclude Include="Engine\Core\Camera.h">
            <Filter>Engine\Core</Filter>
        </ClInclude>
        <ClInclude Include="Engine\Core\CoreMinimal.h">
            <Filter>Engine\Core</Filter>
        </ClInclude>
        <ClInclude Include="Engine\Core\Engine.h">
            <Filter>Engine\Core</Filter>
        </ClInclude>
        <ClInclude Include="Engine\Core\ICommandParameters.h">
            <Filter>Engine\Core</Filter>
        </ClInclude>
        <ClInclude Include="Engine\Core\Misc\Delegate.h">
            <Filter>Engine\Core\Misc</Filter>
        </ClInclude>
        <ClInclude Include="Engine\Core\Misc\Guid.h">
            <Filter>Engine\Core\Misc</Filter>
        </ClInclude>
        <ClInclude Include="Engine\Core\Misc\PlatformMaro.h">
            <Filter>Engine\Core\Misc</Filter>
        </ClInclude>
        <ClInclude Include="Engine\Core\Object.h">
            <Filter>Engine\Core</Filter>
        </ClInclude>
        <ClInclude Include="Engine\Core\Viewport.h">
            <Filter>Engine\Core</Filter>
        </ClInclude>
        <ClInclude Include="Engine\Core\World.h">
            <Filter>Engine\Core</Filter>
        </ClInclude>
        <ClInclude Include="Engine\DebugInfo\EngineDebug.h">
            <Filter>Engine\DebugInfo</Filter>
        </ClInclude>
        <ClInclude Include="Engine\DebugInfo\EngineLog.h">
            <Filter>Engine\DebugInfo</Filter>
        </ClInclude>
        <ClInclude Include="Engine\EngineFactory.h">
            <Filter>Engine</Filter>
        </ClInclude>
        <ClInclude Include="Engine\EngineMinimal.h">
            <Filter>Engine</Filter>
        </ClInclude>
        <ClInclude Include="Engine\GC\CodeRefMacro.h">
            <Filter>Engine\GC</Filter>
        </ClInclude>
        <ClInclude Include="Engine\Math\MathHelper.h">
            <Filter>Engine\Math</Filter>
        </ClInclude>
        <ClInclude Include="Engine\Math\MathUtility.h">
            <Filter>Engine\Math</Filter>
        </ClInclude>
        <ClInclude Include="Engine\Mesh\BoxMesh.h">
            <Filter>Engine\Mesh</Filter>
        </ClInclude>
        <ClInclude Include="Engine\Mesh\ConeMesh.h">
            <Filter>Engine\Mesh</Filter>
        </ClInclude>
        <ClInclude Include="Engine\Mesh\Core\Mesh.h">
            <Filter>Engine\Mesh\Core</Filter>
        </ClInclude>
        <ClInclude Include="Engine\Mesh\Core\MeshBufferData.h">
            <Filter>Engine\Mesh\Core</Filter>
        </ClInclude>
        <ClInclude Include="Engine\Mesh\Core\MeshManage.h">
            <Filter>Engine\Mesh\Core</Filter>
        </ClInclude>
        <ClInclude Include="Engine\Mesh\CustomMesh.h">
            <Filter>Engine\Mesh</Filter>
        </ClInclude>
        <ClInclude Include="Engine\Mesh\CylinderMesh.h">
            <Filter>Engine\Mesh</Filter>
        </ClInclude>
        <ClInclude Include="Engine\Mesh\PlaneMesh.h">
            <Filter>Engine\Mesh</Filter>
        </ClInclude>
        <ClInclude Include="Engine\Mesh\SphereMesh.h">
            <Filter>Engine\Mesh</Filter>
        </ClInclude>
        <ClInclude Include="Engine\Platform\Windows\WindowsEngine.h">
            <Filter>Engine\Platform\Windows</Filter>
        </ClInclude>
        <ClInclude Include="Engine\Platform\Windows\WindowsMessageProcessing.h">
            <Filter>Engine\Platform\Windows</Filter>
        </ClInclude>
        <ClInclude Include="Engine\Platform\Windows\WindowsPlatform.h">
            <Filter>Engine\Platform\Windows</Filter>
        </ClInclude>
        <ClInclude Include="Engine\Platform\Windows\WinMainCommandParameters.h">
            <Filter>Engine\Platform\Windows</Filter>
        </ClInclude>
        <ClInclude Include="Engine\Shader\Shader.h">
            <Filter>Engine\Shader</Filter>
        </ClInclude>
        <ClInclude Include="Rendering\Core\d3dUtil.h">
            <Filter>Rendering\Core</Filter>
        </ClInclude>
        <ClInclude Include="Rendering\Core\RenderingInterface.h">
            <Filter>Rendering\Core</Filter>
        </ClInclude>
        <ClInclude Include="Rendering\Core\UploadBuffer.h">
            <Filter>Rendering\Core</Filter>
        </ClInclude>
        <ClInclude Include="Rendering\DirectX\d3dx12.h">
            <Filter>Rendering\DirectX</Filter>
        </ClInclude>
        <ClInclude Include="Rendering\DirectX\DirectXDeviceInterfece.h">
            <Filter>Rendering\DirectX</Filter>
        </ClInclude>
        <ClInclude Include="Rendering\DirectX\DX12RenderingEngine.h">
            <Filter>Rendering\DirectX</Filter>
        </ClInclude>
        <ClInclude Include="Rendering\DirectX\RenderingEngine.h">
            <Filter>Rendering\DirectX</Filter>
        </ClInclude>
        <ClInclude Include="Rendering\Metal\MetalRenderingEngin.h">
            <Filter>Rendering\Metal</Filter>
        </ClInclude>
        <ClInclude Include="Rendering\OpenGL\OpenGLDeviceInterfece.h">
            <Filter>Rendering\OpenGL</Filter>
        </ClInclude>
        <ClInclude Include="Rendering\OpenGL\OpenGLRenderingEngine.h">
            <Filter>Rendering\OpenGL</Filter>
        </ClInclude>
        <ClInclude Include="Rendering\Vulkan\VulkanRenderingEngine.h">
            <Filter>Rendering\Vulkan</Filter>
        </ClInclude>
        <ClInclude Include="Shader\testShader.hlsl">
            <Filter>Shader</Filter>
        </ClInclude>
        <ClInclude Include="simple_library\private\simple_channel\simple_net_connetion\simple_connetion_tcp.h">
            <Filter>simple_library\private\simple_channel\simple_net_connetion</Filter>
        </ClInclude>
        <ClInclude Include="simple_library\private\simple_channel\simple_net_connetion\simple_connetion_udp.h">
            <Filter>simple_library\private\simple_channel\simple_net_connetion</Filter>
        </ClInclude>
        <ClInclude Include="simple_library\private\simple_channel\simple_net_drive\simple_net_drive_tcp.h">
            <Filter>simple_library\private\simple_channel\simple_net_drive</Filter>
        </ClInclude>
        <ClInclude Include="simple_library\private\simple_channel\simple_net_drive\simple_net_drive_udp.h">
            <Filter>simple_library\private\simple_channel\simple_net_drive</Filter>
        </ClInclude>
        <ClInclude Include="simple_library\public\simple_array\simple_hash_array.h">
            <Filter>simple_library\public\simple_array</Filter>
        </ClInclude>
        <ClInclude Include="simple_library\public\simple_channel\simple_core\simple_channel.h">
            <Filter>simple_library\public\simple_channel\simple_core</Filter>
        </ClInclude>
        <ClInclude Include="simple_library\public\simple_channel\simple_core\simple_connetion.h">
            <Filter>simple_library\public\simple_channel\simple_core</Filter>
        </ClInclude>
        <ClInclude Include="simple_library\public\simple_channel\simple_core\simple_io_stream.h">
            <Filter>simple_library\public\simple_channel\simple_core</Filter>
        </ClInclude>
        <ClInclude Include="simple_library\public\simple_channel\simple_core\simple_net_macro.h">
            <Filter>simple_library\public\simple_channel\simple_core</Filter>
        </ClInclude>
        <ClInclude Include="simple_library\public\simple_channel\simple_core\simple_object.h">
            <Filter>simple_library\public\simple_channel\simple_core</Filter>
        </ClInclude>
        <ClInclude Include="simple_library\public\simple_channel\simple_net_drive.h">
            <Filter>simple_library\public\simple_channel</Filter>
        </ClInclude>
        <ClInclude Include="simple_library\public\simple_channel\simple_net_protocols.h">
            <Filter>simple_library\public\simple_channel</Filter>
        </ClInclude>
        <ClInclude Include="simple_library\public\simple_channel\simple_net_type.h">
            <Filter>simple_library\public\simple_channel</Filter>
        </ClInclude>
        <ClInclude Include="simple_library\public\simple_channel\simple_protocols_definition.h">
            <Filter>simple_library\public\simple_channel</Filter>
        </ClInclude>
        <ClInclude Include="simple_library\public\simple_core_minimal\simple_c_core\simple_core_minimal.h">
            <Filter>simple_library\public\simple_core_minimal\simple_c_core</Filter>
        </ClInclude>
        <ClInclude Include="simple_library\public\simple_core_minimal\simple_c_core\simple_c_array\Core\simple_array_c_macro.h">
            <Filter>simple_library\public\simple_core_minimal\simple_c_core\simple_c_array\Core</Filter>
        </ClInclude>
        <ClInclude Include="simple_library\public\simple_core_minimal\simple_c_core\simple_c_array\simple_c_array.h">
            <Filter>simple_library\public\simple_core_minimal\simple_c_core\simple_c_array</Filter>
        </ClInclude>
        <ClInclude Include="simple_library\public\simple_core_minimal\simple_c_core\simple_c_array\simple_c_array_string.h">
            <Filter>simple_library\public\simple_core_minimal\simple_c_core\simple_c_array</Filter>
        </ClInclude>
        <ClInclude Include="simple_library\public\simple_core_minimal\simple_c_core\simple_c_string_algorithm\string_algorithm.h">
            <Filter>simple_library\public\simple_core_minimal\simple_c_core\simple_c_string_algorithm</Filter>
        </ClInclude>
        <ClInclude Include="simple_library\public\simple_core_minimal\simple_c_guid\simple_guid.h">
            <Filter>simple_library\public\simple_core_minimal\simple_c_guid</Filter>
        </ClInclude>
        <ClInclude Include="simple_library\public\simple_core_minimal\simple_c_helper_file\simple_file_helper.h">
            <Filter>simple_library\public\simple_core_minimal\simple_c_helper_file</Filter>
        </ClInclude>
        <ClInclude Include="simple_library\public\simple_core_minimal\simple_c_path\simple_path.h">
            <Filter>simple_library\public\simple_core_minimal\simple_c_path</Filter>
        </ClInclude>
        <ClInclude Include="simple_library\public\simple_core_minimal\simple_c_time\simple_c_locale_list.h">
            <Filter>simple_library\public\simple_core_minimal\simple_c_time</Filter>
        </ClInclude>
        <ClInclude Include="simple_library\public\simple_core_minimal\simple_c_time\simple_c_time.h">
            <Filter>simple_library\public\simple_core_minimal\simple_c_time</Filter>
        </ClInclude>
        <ClInclude Include="simple_library\public\simple_core_minimal\simple_c_windows\simple_c_windows_register.h">
            <Filter>simple_library\public\simple_core_minimal\simple_c_windows</Filter>
        </ClInclude>
        <ClInclude Include="simple_library\public\simple_core_minimal\simple_c_windows\simple_c_windows_setting.h">
            <Filter>simple_library\public\simple_core_minimal\simple_c_windows</Filter>
        </ClInclude>
        <ClInclude Include="simple_library\public\simple_cpp_core_minimal\shared\simple_cpp_shared_ptr.h">
            <Filter>simple_library\public\simple_cpp_core_minimal\shared</Filter>
        </ClInclude>
        <ClInclude Include="simple_library\public\simple_cpp_core_minimal\shared\simple_cpp_shared_ptr_type.h">
            <Filter>simple_library\public\simple_cpp_core_minimal\shared</Filter>
        </ClInclude>
        <ClInclude Include="simple_library\public\simple_cpp_core_minimal\simple_cpp_core_minimal.h">
            <Filter>simple_library\public\simple_cpp_core_minimal</Filter>
        </ClInclude>
        <ClInclude Include="simple_library\public\simple_c_log\simple_c_log.h">
            <Filter>simple_library\public\simple_c_log</Filter>
        </ClInclude>
        <ClInclude Include="simple_library\public\simple_library.h">
            <Filter>simple_library\public</Filter>
        </ClInclude>
        <ClInclude Include="simple_library\public\simple_math\math_libray.hpp">
            <Filter>simple_library\public\simple_math</Filter>
        </ClInclude>
        <ClInclude Include="simple_library\public\simple_math\math_utils.h">
            <Filter>simple_library\public\simple_math</Filter>
        </ClInclude>
        <ClInclude Include="simple_library\public\simple_math\simple_core_math.h">
            <Filter>simple_library\public\simple_math</Filter>
        </ClInclude>
        <ClInclude Include="simple_library\public\simple_math\simple_math.h">
            <Filter>simple_library\public\simple_math</Filter>
        </ClInclude>
        <ClInclude Include="simple_library\public\simple_math\transformation\matrix\matrix_2x2.h">
            <Filter>simple_library\public\simple_math\transformation\matrix</Filter>
        </ClInclude>
        <ClInclude Include="simple_library\public\simple_math\transformation\matrix\matrix_3x3.h">
            <Filter>simple_library\public\simple_math\transformation\matrix</Filter>
        </ClInclude>
        <ClInclude Include="simple_library\public\simple_math\transformation\matrix\matrix_4x4.h">
            <Filter>simple_library\public\simple_math\transformation\matrix</Filter>
        </ClInclude>
        <ClInclude Include="simple_library\public\simple_math\transformation\vector\vector_2d.h">
            <Filter>simple_library\public\simple_math\transformation\vector</Filter>
        </ClInclude>
        <ClInclude Include="simple_library\public\simple_math\transformation\vector\vector_3d.h">
            <Filter>simple_library\public\simple_math\transformation\vector</Filter>
        </ClInclude>
        <ClInclude Include="simple_library\public\simple_math\transformation\vector\vector_4d.h">
            <Filter>simple_library\public\simple_math\transformation\vector</Filter>
        </ClInclude>
    </ItemGroup>
</Project>
